
Microsoft Visual Studio Solution File, Format Version 12.00
# Visual Studio Version 16
VisualStudioVersion = 16.0.31205.134
MinimumVisualStudioVersion = 10.0.40219.1
Project("{FAE04EC0-301F-11D3-BF4B-00C04F79EFBC}") = "ConsoleApp1", "ConsoleApp1.csproj", "{3A2CC1AC-4602-425D-9A8E-B1C4D8796C93}"
EndProject
Global
	GlobalSection(SolutionConfigurationPlatforms) = preSolution
		Debug|Any CPU = Debug|Any CPU
		Release|Any CPU = Release|Any CPU
	EndGlobalSection
	GlobalSection(ProjectConfigurationPlatforms) = postSolution
		{3A2CC1AC-4602-425D-9A8E-B1C4D8796C93}.Debug|Any CPU.ActiveCfg = Debug|Any CPU
		{3A2CC1AC-4602-425D-9A8E-B1C4D8796C93}.Debug|Any CPU.Build.0 = Debug|Any CPU
		{3A2CC1AC-4602-425D-9A8E-B1C4D8796C93}.Release|Any CPU.ActiveCfg = Release|Any CPU
		{3A2CC1AC-4602-425D-9A8E-B1C4D8796C93}.Release|Any CPU.Build.0 = Release|Any CPU
	EndGlobalSection
	GlobalSection(SolutionProperties) = preSolution
		HideSolutionNode = FALSE
	EndGlobalSection
	GlobalSection(ExtensibilityGlobals) = postSolution
		SolutionGuid = {EB222FCA-C993-4D9D-9D5B-E83E41949A23}
	EndGlobalSection
EndGlobal
